
Microsoft Visual Studio Solution File, Format Version 9.00
# Visual Studio 2005
Project("{8BC9CEB8-8B4A-11D0-8D11-00A0C91BC942}") = "log4cplus_dll_uni", "log4cplus_dll_uni.vcproj", "{ED72A5E0-0702-44CC-BAD0-1BE1F31567F9}"
EndProject
Project("{8BC9CEB8-8B4A-11D0-8D11-00A0C91BC942}") = "loggingserver_uni", "loggingserver_uni.vcproj", "{8B64D490-36CB-4482-ADFA-85DE7CD12D56}"
	ProjectSection(ProjectDependencies) = postProject
		{ED72A5E0-0702-44CC-BAD0-1BE1F31567F9} = {ED72A5E0-0702-44CC-BAD0-1BE1F31567F9}
	EndProjectSection
EndProject
Project("{8BC9CEB8-8B4A-11D0-8D11-00A0C91BC942}") = "socket_test_uni", "tests\socket_test_uni.vcproj", "{1761A185-0AC1-4376-BC22-2CFDB84C6C5B}"
	ProjectSection(ProjectDependencies) = postProject
		{ED72A5E0-0702-44CC-BAD0-1BE1F31567F9} = {ED72A5E0-0702-44CC-BAD0-1BE1F31567F9}
	EndProjectSection
EndProject
Global
	GlobalSection(SolutionConfigurationPlatforms) = preSolution
		Debug|Win32 = Debug|Win32
		Release|Win32 = Release|Win32
	EndGlobalSection
	GlobalSection(ProjectConfigurationPlatforms) = postSolution
		{ED72A5E0-0702-44CC-BAD0-1BE1F31567F9}.Debug|Win32.ActiveCfg = Debug|Win32
		{ED72A5E0-0702-44CC-BAD0-1BE1F31567F9}.Debug|Win32.Build.0 = Debug|Win32
		{ED72A5E0-0702-44CC-BAD0-1BE1F31567F9}.Release|Win32.ActiveCfg = Release|Win32
		{ED72A5E0-0702-44CC-BAD0-1BE1F31567F9}.Release|Win32.Build.0 = Release|Win32
		{8B64D490-36CB-4482-ADFA-85DE7CD12D56}.Debug|Win32.ActiveCfg = Debug|Win32
		{8B64D490-36CB-4482-ADFA-85DE7CD12D56}.Debug|Win32.Build.0 = Debug|Win32
		{8B64D490-36CB-4482-ADFA-85DE7CD12D56}.Release|Win32.ActiveCfg = Release|Win32
		{8B64D490-36CB-4482-ADFA-85DE7CD12D56}.Release|Win32.Build.0 = Release|Win32
		{1761A185-0AC1-4376-BC22-2CFDB84C6C5B}.Debug|Win32.ActiveCfg = Debug|Win32
		{1761A185-0AC1-4376-BC22-2CFDB84C6C5B}.Debug|Win32.Build.0 = Debug|Win32
		{1761A185-0AC1-4376-BC22-2CFDB84C6C5B}.Release|Win32.ActiveCfg = Release|Win32
		{1761A185-0AC1-4376-BC22-2CFDB84C6C5B}.Release|Win32.Build.0 = Release|Win32
	EndGlobalSection
	GlobalSection(SolutionProperties) = preSolution
		HideSolutionNode = FALSE
	EndGlobalSection
EndGlobal
