
Microsoft Visual Studio Solution File, Format Version 9.00
# Visual Studio 2005
Project("{8BC9CEB8-8B4A-11D0-8D11-00A0C91BC942}") = "appender_test", "tests\appender_test.vcproj", "{63AF3784-3FFB-46AC-B341-76B55AEE3148}"
	ProjectSection(ProjectDependencies) = postProject
		{917836A4-0DDC-47BE-B930-1B3BFDF6C940} = {917836A4-0DDC-47BE-B930-1B3BFDF6C940}
	EndProjectSection
EndProject
Project("{8BC9CEB8-8B4A-11D0-8D11-00A0C91BC942}") = "fileappender_test", "tests\fileappender_test.vcproj", "{434FBB6C-6D3C-466A-86DB-DE999065B5E5}"
	ProjectSection(ProjectDependencies) = postProject
		{917836A4-0DDC-47BE-B930-1B3BFDF6C940} = {917836A4-0DDC-47BE-B930-1B3BFDF6C940}
	EndProjectSection
EndProject
Project("{8BC9CEB8-8B4A-11D0-8D11-00A0C91BC942}") = "filter_test", "tests\filter_test.vcproj", "{66FE475D-D26C-4457-8B1C-B057D770C716}"
	ProjectSection(ProjectDependencies) = postProject
		{917836A4-0DDC-47BE-B930-1B3BFDF6C940} = {917836A4-0DDC-47BE-B930-1B3BFDF6C940}
	EndProjectSection
EndProject
Project("{8BC9CEB8-8B4A-11D0-8D11-00A0C91BC942}") = "hierarchy_test", "tests\hierarchy_test.vcproj", "{07817E6D-9FAB-4261-9D62-C5AD13810258}"
	ProjectSection(ProjectDependencies) = postProject
		{917836A4-0DDC-47BE-B930-1B3BFDF6C940} = {917836A4-0DDC-47BE-B930-1B3BFDF6C940}
	EndProjectSection
EndProject
Project("{8BC9CEB8-8B4A-11D0-8D11-00A0C91BC942}") = "log4cplus_dll", "log4cplus_dll.vcproj", "{917836A4-0DDC-47BE-B930-1B3BFDF6C940}"
EndProject
Project("{8BC9CEB8-8B4A-11D0-8D11-00A0C91BC942}") = "log4cplus_static", "log4cplus_static.vcproj", "{BEC0CD2F-60CD-40E2-A89B-AB10E902F1D5}"
EndProject
Project("{8BC9CEB8-8B4A-11D0-8D11-00A0C91BC942}") = "loggingserver", "loggingserver.vcproj", "{B8E88AF6-0427-4839-88AC-0C6E12615B10}"
	ProjectSection(ProjectDependencies) = postProject
		{917836A4-0DDC-47BE-B930-1B3BFDF6C940} = {917836A4-0DDC-47BE-B930-1B3BFDF6C940}
	EndProjectSection
EndProject
Project("{8BC9CEB8-8B4A-11D0-8D11-00A0C91BC942}") = "loglog_test", "tests\loglog_test.vcproj", "{1F8CC79C-876D-4A13-BA92-98A3A51B2749}"
	ProjectSection(ProjectDependencies) = postProject
		{917836A4-0DDC-47BE-B930-1B3BFDF6C940} = {917836A4-0DDC-47BE-B930-1B3BFDF6C940}
	EndProjectSection
EndProject
Project("{8BC9CEB8-8B4A-11D0-8D11-00A0C91BC942}") = "ndc_test", "tests\ndc_test.vcproj", "{FBCE50FB-C87B-4A28-9551-7D1BFDAA65EC}"
	ProjectSection(ProjectDependencies) = postProject
		{917836A4-0DDC-47BE-B930-1B3BFDF6C940} = {917836A4-0DDC-47BE-B930-1B3BFDF6C940}
	EndProjectSection
EndProject
Project("{8BC9CEB8-8B4A-11D0-8D11-00A0C91BC942}") = "performance_test", "tests\performance_test.vcproj", "{94EF9EE0-6E68-4F5F-9174-D09896518894}"
	ProjectSection(ProjectDependencies) = postProject
		{917836A4-0DDC-47BE-B930-1B3BFDF6C940} = {917836A4-0DDC-47BE-B930-1B3BFDF6C940}
	EndProjectSection
EndProject
Project("{8BC9CEB8-8B4A-11D0-8D11-00A0C91BC942}") = "configandwatch_test", "tests\configandwatch_test.vcproj", "{0A878274-362D-4184-B5C6-A1C80D22A170}"
	ProjectSection(ProjectDependencies) = postProject
		{917836A4-0DDC-47BE-B930-1B3BFDF6C940} = {917836A4-0DDC-47BE-B930-1B3BFDF6C940}
	EndProjectSection
EndProject
Project("{8BC9CEB8-8B4A-11D0-8D11-00A0C91BC942}") = "customloglevel_test", "tests\customloglevel_test.vcproj", "{040B829F-8ED6-4D35-9043-0DF31597F7FB}"
	ProjectSection(ProjectDependencies) = postProject
		{917836A4-0DDC-47BE-B930-1B3BFDF6C940} = {917836A4-0DDC-47BE-B930-1B3BFDF6C940}
	EndProjectSection
EndProject
Project("{8BC9CEB8-8B4A-11D0-8D11-00A0C91BC942}") = "ostream_test", "tests\ostream_test.vcproj", "{C133DEF0-FAF5-4635-8D5A-2C789B424371}"
	ProjectSection(ProjectDependencies) = postProject
		{917836A4-0DDC-47BE-B930-1B3BFDF6C940} = {917836A4-0DDC-47BE-B930-1B3BFDF6C940}
	EndProjectSection
EndProject
Project("{8BC9CEB8-8B4A-11D0-8D11-00A0C91BC942}") = "priority_test", "tests\priority_test.vcproj", "{CBD762A9-79BC-4AE7-8890-76360F539D76}"
	ProjectSection(ProjectDependencies) = postProject
		{917836A4-0DDC-47BE-B930-1B3BFDF6C940} = {917836A4-0DDC-47BE-B930-1B3BFDF6C940}
	EndProjectSection
EndProject
Project("{8BC9CEB8-8B4A-11D0-8D11-00A0C91BC942}") = "socket_test", "tests\socket_test.vcproj", "{D405C4A0-D62F-4EE7-96D2-76AD808C7319}"
	ProjectSection(ProjectDependencies) = postProject
		{917836A4-0DDC-47BE-B930-1B3BFDF6C940} = {917836A4-0DDC-47BE-B930-1B3BFDF6C940}
	EndProjectSection
EndProject
Project("{8BC9CEB8-8B4A-11D0-8D11-00A0C91BC942}") = "thread_test", "tests\thread_test.vcproj", "{F83D31E0-B607-4D3E-AF53-BA2A19BE17ED}"
	ProjectSection(ProjectDependencies) = postProject
		{917836A4-0DDC-47BE-B930-1B3BFDF6C940} = {917836A4-0DDC-47BE-B930-1B3BFDF6C940}
	EndProjectSection
EndProject
Project("{2150E333-8FDC-42A3-9474-1A3956D46DE8}") = "Tests", "Tests", "{BAC1F7E5-C861-4FB2-A466-D0D675F4C33D}"
	ProjectSection(SolutionItems) = preProject
		tests\log4cplus_tests.vsprops = tests\log4cplus_tests.vsprops
	EndProjectSection
EndProject
Project("{8BC9CEB8-8B4A-11D0-8D11-00A0C91BC942}") = "patternlayout_test", "tests\patternlayout_test.vcproj", "{AE4CF05D-9770-4BF2-BB73-1DA37E2A1508}"
	ProjectSection(ProjectDependencies) = postProject
		{917836A4-0DDC-47BE-B930-1B3BFDF6C940} = {917836A4-0DDC-47BE-B930-1B3BFDF6C940}
	EndProjectSection
EndProject
Global
	GlobalSection(SolutionConfigurationPlatforms) = preSolution
		Debug_Unicode|Win32 = Debug_Unicode|Win32
		Debug_Unicode|x64 = Debug_Unicode|x64
		Debug|Win32 = Debug|Win32
		Debug|x64 = Debug|x64
		Release_Unicode|Win32 = Release_Unicode|Win32
		Release_Unicode|x64 = Release_Unicode|x64
		Release|Win32 = Release|Win32
		Release|x64 = Release|x64
	EndGlobalSection
	GlobalSection(ProjectConfigurationPlatforms) = postSolution
		{63AF3784-3FFB-46AC-B341-76B55AEE3148}.Debug_Unicode|Win32.ActiveCfg = Debug_Unicode|Win32
		{63AF3784-3FFB-46AC-B341-76B55AEE3148}.Debug_Unicode|Win32.Build.0 = Debug_Unicode|Win32
		{63AF3784-3FFB-46AC-B341-76B55AEE3148}.Debug_Unicode|x64.ActiveCfg = Debug_Unicode|x64
		{63AF3784-3FFB-46AC-B341-76B55AEE3148}.Debug_Unicode|x64.Build.0 = Debug_Unicode|x64
		{63AF3784-3FFB-46AC-B341-76B55AEE3148}.Debug|Win32.ActiveCfg = Debug|Win32
		{63AF3784-3FFB-46AC-B341-76B55AEE3148}.Debug|Win32.Build.0 = Debug|Win32
		{63AF3784-3FFB-46AC-B341-76B55AEE3148}.Debug|x64.ActiveCfg = Debug|x64
		{63AF3784-3FFB-46AC-B341-76B55AEE3148}.Debug|x64.Build.0 = Debug|x64
		{63AF3784-3FFB-46AC-B341-76B55AEE3148}.Release_Unicode|Win32.ActiveCfg = Release_Unicode|Win32
		{63AF3784-3FFB-46AC-B341-76B55AEE3148}.Release_Unicode|Win32.Build.0 = Release_Unicode|Win32
		{63AF3784-3FFB-46AC-B341-76B55AEE3148}.Release_Unicode|x64.ActiveCfg = Release_Unicode|x64
		{63AF3784-3FFB-46AC-B341-76B55AEE3148}.Release_Unicode|x64.Build.0 = Release_Unicode|x64
		{63AF3784-3FFB-46AC-B341-76B55AEE3148}.Release|Win32.ActiveCfg = Release|Win32
		{63AF3784-3FFB-46AC-B341-76B55AEE3148}.Release|Win32.Build.0 = Release|Win32
		{63AF3784-3FFB-46AC-B341-76B55AEE3148}.Release|x64.ActiveCfg = Release|x64
		{63AF3784-3FFB-46AC-B341-76B55AEE3148}.Release|x64.Build.0 = Release|x64
		{434FBB6C-6D3C-466A-86DB-DE999065B5E5}.Debug_Unicode|Win32.ActiveCfg = Debug_Unicode|Win32
		{434FBB6C-6D3C-466A-86DB-DE999065B5E5}.Debug_Unicode|Win32.Build.0 = Debug_Unicode|Win32
		{434FBB6C-6D3C-466A-86DB-DE999065B5E5}.Debug_Unicode|x64.ActiveCfg = Debug_Unicode|x64
		{434FBB6C-6D3C-466A-86DB-DE999065B5E5}.Debug_Unicode|x64.Build.0 = Debug_Unicode|x64
		{434FBB6C-6D3C-466A-86DB-DE999065B5E5}.Debug|Win32.ActiveCfg = Debug|Win32
		{434FBB6C-6D3C-466A-86DB-DE999065B5E5}.Debug|Win32.Build.0 = Debug|Win32
		{434FBB6C-6D3C-466A-86DB-DE999065B5E5}.Debug|x64.ActiveCfg = Debug|x64
		{434FBB6C-6D3C-466A-86DB-DE999065B5E5}.Debug|x64.Build.0 = Debug|x64
		{434FBB6C-6D3C-466A-86DB-DE999065B5E5}.Release_Unicode|Win32.ActiveCfg = Release_Unicode|Win32
		{434FBB6C-6D3C-466A-86DB-DE999065B5E5}.Release_Unicode|Win32.Build.0 = Release_Unicode|Win32
		{434FBB6C-6D3C-466A-86DB-DE999065B5E5}.Release_Unicode|x64.ActiveCfg = Release_Unicode|x64
		{434FBB6C-6D3C-466A-86DB-DE999065B5E5}.Release_Unicode|x64.Build.0 = Release_Unicode|x64
		{434FBB6C-6D3C-466A-86DB-DE999065B5E5}.Release|Win32.ActiveCfg = Release|Win32
		{434FBB6C-6D3C-466A-86DB-DE999065B5E5}.Release|Win32.Build.0 = Release|Win32
		{434FBB6C-6D3C-466A-86DB-DE999065B5E5}.Release|x64.ActiveCfg = Release|x64
		{434FBB6C-6D3C-466A-86DB-DE999065B5E5}.Release|x64.Build.0 = Release|x64
		{66FE475D-D26C-4457-8B1C-B057D770C716}.Debug_Unicode|Win32.ActiveCfg = Debug_Unicode|Win32
		{66FE475D-D26C-4457-8B1C-B057D770C716}.Debug_Unicode|Win32.Build.0 = Debug_Unicode|Win32
		{66FE475D-D26C-4457-8B1C-B057D770C716}.Debug_Unicode|x64.ActiveCfg = Debug_Unicode|x64
		{66FE475D-D26C-4457-8B1C-B057D770C716}.Debug_Unicode|x64.Build.0 = Debug_Unicode|x64
		{66FE475D-D26C-4457-8B1C-B057D770C716}.Debug|Win32.ActiveCfg = Debug|Win32
		{66FE475D-D26C-4457-8B1C-B057D770C716}.Debug|Win32.Build.0 = Debug|Win32
		{66FE475D-D26C-4457-8B1C-B057D770C716}.Debug|x64.ActiveCfg = Debug|x64
		{66FE475D-D26C-4457-8B1C-B057D770C716}.Debug|x64.Build.0 = Debug|x64
		{66FE475D-D26C-4457-8B1C-B057D770C716}.Release_Unicode|Win32.ActiveCfg = Release_Unicode|Win32
		{66FE475D-D26C-4457-8B1C-B057D770C716}.Release_Unicode|Win32.Build.0 = Release_Unicode|Win32
		{66FE475D-D26C-4457-8B1C-B057D770C716}.Release_Unicode|x64.ActiveCfg = Release_Unicode|x64
		{66FE475D-D26C-4457-8B1C-B057D770C716}.Release_Unicode|x64.Build.0 = Release_Unicode|x64
		{66FE475D-D26C-4457-8B1C-B057D770C716}.Release|Win32.ActiveCfg = Release|Win32
		{66FE475D-D26C-4457-8B1C-B057D770C716}.Release|Win32.Build.0 = Release|Win32
		{66FE475D-D26C-4457-8B1C-B057D770C716}.Release|x64.ActiveCfg = Release|x64
		{66FE475D-D26C-4457-8B1C-B057D770C716}.Release|x64.Build.0 = Release|x64
		{07817E6D-9FAB-4261-9D62-C5AD13810258}.Debug_Unicode|Win32.ActiveCfg = Debug_Unicode|Win32
		{07817E6D-9FAB-4261-9D62-C5AD13810258}.Debug_Unicode|Win32.Build.0 = Debug_Unicode|Win32
		{07817E6D-9FAB-4261-9D62-C5AD13810258}.Debug_Unicode|x64.ActiveCfg = Debug_Unicode|x64
		{07817E6D-9FAB-4261-9D62-C5AD13810258}.Debug_Unicode|x64.Build.0 = Debug_Unicode|x64
		{07817E6D-9FAB-4261-9D62-C5AD13810258}.Debug|Win32.ActiveCfg = Debug|Win32
		{07817E6D-9FAB-4261-9D62-C5AD13810258}.Debug|Win32.Build.0 = Debug|Win32
		{07817E6D-9FAB-4261-9D62-C5AD13810258}.Debug|x64.ActiveCfg = Debug|x64
		{07817E6D-9FAB-4261-9D62-C5AD13810258}.Debug|x64.Build.0 = Debug|x64
		{07817E6D-9FAB-4261-9D62-C5AD13810258}.Release_Unicode|Win32.ActiveCfg = Release_Unicode|Win32
		{07817E6D-9FAB-4261-9D62-C5AD13810258}.Release_Unicode|Win32.Build.0 = Release_Unicode|Win32
		{07817E6D-9FAB-4261-9D62-C5AD13810258}.Release_Unicode|x64.ActiveCfg = Release_Unicode|x64
		{07817E6D-9FAB-4261-9D62-C5AD13810258}.Release_Unicode|x64.Build.0 = Release_Unicode|x64
		{07817E6D-9FAB-4261-9D62-C5AD13810258}.Release|Win32.ActiveCfg = Release|Win32
		{07817E6D-9FAB-4261-9D62-C5AD13810258}.Release|Win32.Build.0 = Release|Win32
		{07817E6D-9FAB-4261-9D62-C5AD13810258}.Release|x64.ActiveCfg = Release|x64
		{07817E6D-9FAB-4261-9D62-C5AD13810258}.Release|x64.Build.0 = Release|x64
		{917836A4-0DDC-47BE-B930-1B3BFDF6C940}.Debug_Unicode|Win32.ActiveCfg = Debug_Unicode|Win32
		{917836A4-0DDC-47BE-B930-1B3BFDF6C940}.Debug_Unicode|Win32.Build.0 = Debug_Unicode|Win32
		{917836A4-0DDC-47BE-B930-1B3BFDF6C940}.Debug_Unicode|x64.ActiveCfg = Debug_Unicode|x64
		{917836A4-0DDC-47BE-B930-1B3BFDF6C940}.Debug_Unicode|x64.Build.0 = Debug_Unicode|x64
		{917836A4-0DDC-47BE-B930-1B3BFDF6C940}.Debug|Win32.ActiveCfg = Debug|Win32
		{917836A4-0DDC-47BE-B930-1B3BFDF6C940}.Debug|Win32.Build.0 = Debug|Win32
		{917836A4-0DDC-47BE-B930-1B3BFDF6C940}.Debug|x64.ActiveCfg = Debug|x64
		{917836A4-0DDC-47BE-B930-1B3BFDF6C940}.Debug|x64.Build.0 = Debug|x64
		{917836A4-0DDC-47BE-B930-1B3BFDF6C940}.Release_Unicode|Win32.ActiveCfg = Release_Unicode|Win32
		{917836A4-0DDC-47BE-B930-1B3BFDF6C940}.Release_Unicode|Win32.Build.0 = Release_Unicode|Win32
		{917836A4-0DDC-47BE-B930-1B3BFDF6C940}.Release_Unicode|x64.ActiveCfg = Release_Unicode|x64
		{917836A4-0DDC-47BE-B930-1B3BFDF6C940}.Release_Unicode|x64.Build.0 = Release_Unicode|x64
		{917836A4-0DDC-47BE-B930-1B3BFDF6C940}.Release|Win32.ActiveCfg = Release|Win32
		{917836A4-0DDC-47BE-B930-1B3BFDF6C940}.Release|Win32.Build.0 = Release|Win32
		{917836A4-0DDC-47BE-B930-1B3BFDF6C940}.Release|x64.ActiveCfg = Release|x64
		{917836A4-0DDC-47BE-B930-1B3BFDF6C940}.Release|x64.Build.0 = Release|x64
		{BEC0CD2F-60CD-40E2-A89B-AB10E902F1D5}.Debug_Unicode|Win32.ActiveCfg = Debug_Unicode|Win32
		{BEC0CD2F-60CD-40E2-A89B-AB10E902F1D5}.Debug_Unicode|Win32.Build.0 = Debug_Unicode|Win32
		{BEC0CD2F-60CD-40E2-A89B-AB10E902F1D5}.Debug_Unicode|x64.ActiveCfg = Debug_Unicode|x64
		{BEC0CD2F-60CD-40E2-A89B-AB10E902F1D5}.Debug_Unicode|x64.Build.0 = Debug_Unicode|x64
		{BEC0CD2F-60CD-40E2-A89B-AB10E902F1D5}.Debug|Win32.ActiveCfg = Debug|Win32
		{BEC0CD2F-60CD-40E2-A89B-AB10E902F1D5}.Debug|Win32.Build.0 = Debug|Win32
		{BEC0CD2F-60CD-40E2-A89B-AB10E902F1D5}.Debug|x64.ActiveCfg = Debug|x64
		{BEC0CD2F-60CD-40E2-A89B-AB10E902F1D5}.Debug|x64.Build.0 = Debug|x64
		{BEC0CD2F-60CD-40E2-A89B-AB10E902F1D5}.Release_Unicode|Win32.ActiveCfg = Release_Unicode|Win32
		{BEC0CD2F-60CD-40E2-A89B-AB10E902F1D5}.Release_Unicode|Win32.Build.0 = Release_Unicode|Win32
		{BEC0CD2F-60CD-40E2-A89B-AB10E902F1D5}.Release_Unicode|x64.ActiveCfg = Release_Unicode|x64
		{BEC0CD2F-60CD-40E2-A89B-AB10E902F1D5}.Release_Unicode|x64.Build.0 = Release_Unicode|x64
		{BEC0CD2F-60CD-40E2-A89B-AB10E902F1D5}.Release|Win32.ActiveCfg = Release|Win32
		{BEC0CD2F-60CD-40E2-A89B-AB10E902F1D5}.Release|Win32.Build.0 = Release|Win32
		{BEC0CD2F-60CD-40E2-A89B-AB10E902F1D5}.Release|x64.ActiveCfg = Release|x64
		{BEC0CD2F-60CD-40E2-A89B-AB10E902F1D5}.Release|x64.Build.0 = Release|x64
		{B8E88AF6-0427-4839-88AC-0C6E12615B10}.Debug_Unicode|Win32.ActiveCfg = Debug_Unicode|Win32
		{B8E88AF6-0427-4839-88AC-0C6E12615B10}.Debug_Unicode|Win32.Build.0 = Debug_Unicode|Win32
		{B8E88AF6-0427-4839-88AC-0C6E12615B10}.Debug_Unicode|x64.ActiveCfg = Debug_Unicode|x64
		{B8E88AF6-0427-4839-88AC-0C6E12615B10}.Debug_Unicode|x64.Build.0 = Debug_Unicode|x64
		{B8E88AF6-0427-4839-88AC-0C6E12615B10}.Debug|Win32.ActiveCfg = Debug|Win32
		{B8E88AF6-0427-4839-88AC-0C6E12615B10}.Debug|Win32.Build.0 = Debug|Win32
		{B8E88AF6-0427-4839-88AC-0C6E12615B10}.Debug|x64.ActiveCfg = Debug|x64
		{B8E88AF6-0427-4839-88AC-0C6E12615B10}.Debug|x64.Build.0 = Debug|x64
		{B8E88AF6-0427-4839-88AC-0C6E12615B10}.Release_Unicode|Win32.ActiveCfg = Release_Unicode|Win32
		{B8E88AF6-0427-4839-88AC-0C6E12615B10}.Release_Unicode|Win32.Build.0 = Release_Unicode|Win32
		{B8E88AF6-0427-4839-88AC-0C6E12615B10}.Release_Unicode|x64.ActiveCfg = Release_Unicode|x64
		{B8E88AF6-0427-4839-88AC-0C6E12615B10}.Release_Unicode|x64.Build.0 = Release_Unicode|x64
		{B8E88AF6-0427-4839-88AC-0C6E12615B10}.Release|Win32.ActiveCfg = Release|Win32
		{B8E88AF6-0427-4839-88AC-0C6E12615B10}.Release|Win32.Build.0 = Release|Win32
		{B8E88AF6-0427-4839-88AC-0C6E12615B10}.Release|x64.ActiveCfg = Release|x64
		{B8E88AF6-0427-4839-88AC-0C6E12615B10}.Release|x64.Build.0 = Release|x64
		{1F8CC79C-876D-4A13-BA92-98A3A51B2749}.Debug_Unicode|Win32.ActiveCfg = Debug_Unicode|Win32
		{1F8CC79C-876D-4A13-BA92-98A3A51B2749}.Debug_Unicode|Win32.Build.0 = Debug_Unicode|Win32
		{1F8CC79C-876D-4A13-BA92-98A3A51B2749}.Debug_Unicode|x64.ActiveCfg = Debug_Unicode|x64
		{1F8CC79C-876D-4A13-BA92-98A3A51B2749}.Debug_Unicode|x64.Build.0 = Debug_Unicode|x64
		{1F8CC79C-876D-4A13-BA92-98A3A51B2749}.Debug|Win32.ActiveCfg = Debug|Win32
		{1F8CC79C-876D-4A13-BA92-98A3A51B2749}.Debug|Win32.Build.0 = Debug|Win32
		{1F8CC79C-876D-4A13-BA92-98A3A51B2749}.Debug|x64.ActiveCfg = Debug|x64
		{1F8CC79C-876D-4A13-BA92-98A3A51B2749}.Debug|x64.Build.0 = Debug|x64
		{1F8CC79C-876D-4A13-BA92-98A3A51B2749}.Release_Unicode|Win32.ActiveCfg = Release_Unicode|Win32
		{1F8CC79C-876D-4A13-BA92-98A3A51B2749}.Release_Unicode|Win32.Build.0 = Release_Unicode|Win32
		{1F8CC79C-876D-4A13-BA92-98A3A51B2749}.Release_Unicode|x64.ActiveCfg = Release_Unicode|x64
		{1F8CC79C-876D-4A13-BA92-98A3A51B2749}.Release_Unicode|x64.Build.0 = Release_Unicode|x64
		{1F8CC79C-876D-4A13-BA92-98A3A51B2749}.Release|Win32.ActiveCfg = Release|Win32
		{1F8CC79C-876D-4A13-BA92-98A3A51B2749}.Release|Win32.Build.0 = Release|Win32
		{1F8CC79C-876D-4A13-BA92-98A3A51B2749}.Release|x64.ActiveCfg = Release|x64
		{1F8CC79C-876D-4A13-BA92-98A3A51B2749}.Release|x64.Build.0 = Release|x64
		{FBCE50FB-C87B-4A28-9551-7D1BFDAA65EC}.Debug_Unicode|Win32.ActiveCfg = Debug_Unicode|Win32
		{FBCE50FB-C87B-4A28-9551-7D1BFDAA65EC}.Debug_Unicode|Win32.Build.0 = Debug_Unicode|Win32
		{FBCE50FB-C87B-4A28-9551-7D1BFDAA65EC}.Debug_Unicode|x64.ActiveCfg = Debug_Unicode|x64
		{FBCE50FB-C87B-4A28-9551-7D1BFDAA65EC}.Debug_Unicode|x64.Build.0 = Debug_Unicode|x64
		{FBCE50FB-C87B-4A28-9551-7D1BFDAA65EC}.Debug|Win32.ActiveCfg = Debug|Win32
		{FBCE50FB-C87B-4A28-9551-7D1BFDAA65EC}.Debug|Win32.Build.0 = Debug|Win32
		{FBCE50FB-C87B-4A28-9551-7D1BFDAA65EC}.Debug|x64.ActiveCfg = Debug|x64
		{FBCE50FB-C87B-4A28-9551-7D1BFDAA65EC}.Debug|x64.Build.0 = Debug|x64
		{FBCE50FB-C87B-4A28-9551-7D1BFDAA65EC}.Release_Unicode|Win32.ActiveCfg = Release_Unicode|Win32
		{FBCE50FB-C87B-4A28-9551-7D1BFDAA65EC}.Release_Unicode|Win32.Build.0 = Release_Unicode|Win32
		{FBCE50FB-C87B-4A28-9551-7D1BFDAA65EC}.Release_Unicode|x64.ActiveCfg = Release_Unicode|x64
		{FBCE50FB-C87B-4A28-9551-7D1BFDAA65EC}.Release_Unicode|x64.Build.0 = Release_Unicode|x64
		{FBCE50FB-C87B-4A28-9551-7D1BFDAA65EC}.Release|Win32.ActiveCfg = Release|Win32
		{FBCE50FB-C87B-4A28-9551-7D1BFDAA65EC}.Release|Win32.Build.0 = Release|Win32
		{FBCE50FB-C87B-4A28-9551-7D1BFDAA65EC}.Release|x64.ActiveCfg = Release|x64
		{FBCE50FB-C87B-4A28-9551-7D1BFDAA65EC}.Release|x64.Build.0 = Release|x64
		{94EF9EE0-6E68-4F5F-9174-D09896518894}.Debug_Unicode|Win32.ActiveCfg = Debug_Unicode|Win32
		{94EF9EE0-6E68-4F5F-9174-D09896518894}.Debug_Unicode|Win32.Build.0 = Debug_Unicode|Win32
		{94EF9EE0-6E68-4F5F-9174-D09896518894}.Debug_Unicode|x64.ActiveCfg = Debug_Unicode|x64
		{94EF9EE0-6E68-4F5F-9174-D09896518894}.Debug_Unicode|x64.Build.0 = Debug_Unicode|x64
		{94EF9EE0-6E68-4F5F-9174-D09896518894}.Debug|Win32.ActiveCfg = Debug|Win32
		{94EF9EE0-6E68-4F5F-9174-D09896518894}.Debug|Win32.Build.0 = Debug|Win32
		{94EF9EE0-6E68-4F5F-9174-D09896518894}.Debug|x64.ActiveCfg = Debug|x64
		{94EF9EE0-6E68-4F5F-9174-D09896518894}.Debug|x64.Build.0 = Debug|x64
		{94EF9EE0-6E68-4F5F-9174-D09896518894}.Release_Unicode|Win32.ActiveCfg = Release_Unicode|Win32
		{94EF9EE0-6E68-4F5F-9174-D09896518894}.Release_Unicode|Win32.Build.0 = Release_Unicode|Win32
		{94EF9EE0-6E68-4F5F-9174-D09896518894}.Release_Unicode|x64.ActiveCfg = Release_Unicode|x64
		{94EF9EE0-6E68-4F5F-9174-D09896518894}.Release_Unicode|x64.Build.0 = Release_Unicode|x64
		{94EF9EE0-6E68-4F5F-9174-D09896518894}.Release|Win32.ActiveCfg = Release|Win32
		{94EF9EE0-6E68-4F5F-9174-D09896518894}.Release|Win32.Build.0 = Release|Win32
		{94EF9EE0-6E68-4F5F-9174-D09896518894}.Release|x64.ActiveCfg = Release|x64
		{94EF9EE0-6E68-4F5F-9174-D09896518894}.Release|x64.Build.0 = Release|x64
		{0A878274-362D-4184-B5C6-A1C80D22A170}.Debug_Unicode|Win32.ActiveCfg = Debug_Unicode|Win32
		{0A878274-362D-4184-B5C6-A1C80D22A170}.Debug_Unicode|Win32.Build.0 = Debug_Unicode|Win32
		{0A878274-362D-4184-B5C6-A1C80D22A170}.Debug_Unicode|x64.ActiveCfg = Debug_Unicode|x64
		{0A878274-362D-4184-B5C6-A1C80D22A170}.Debug_Unicode|x64.Build.0 = Debug_Unicode|x64
		{0A878274-362D-4184-B5C6-A1C80D22A170}.Debug|Win32.ActiveCfg = Debug|Win32
		{0A878274-362D-4184-B5C6-A1C80D22A170}.Debug|Win32.Build.0 = Debug|Win32
		{0A878274-362D-4184-B5C6-A1C80D22A170}.Debug|x64.ActiveCfg = Debug|x64
		{0A878274-362D-4184-B5C6-A1C80D22A170}.Debug|x64.Build.0 = Debug|x64
		{0A878274-362D-4184-B5C6-A1C80D22A170}.Release_Unicode|Win32.ActiveCfg = Release_Unicode|Win32
		{0A878274-362D-4184-B5C6-A1C80D22A170}.Release_Unicode|Win32.Build.0 = Release_Unicode|Win32
		{0A878274-362D-4184-B5C6-A1C80D22A170}.Release_Unicode|x64.ActiveCfg = Release_Unicode|x64
		{0A878274-362D-4184-B5C6-A1C80D22A170}.Release_Unicode|x64.Build.0 = Release_Unicode|x64
		{0A878274-362D-4184-B5C6-A1C80D22A170}.Release|Win32.ActiveCfg = Release|Win32
		{0A878274-362D-4184-B5C6-A1C80D22A170}.Release|Win32.Build.0 = Release|Win32
		{0A878274-362D-4184-B5C6-A1C80D22A170}.Release|x64.ActiveCfg = Release|x64
		{0A878274-362D-4184-B5C6-A1C80D22A170}.Release|x64.Build.0 = Release|x64
		{040B829F-8ED6-4D35-9043-0DF31597F7FB}.Debug_Unicode|Win32.ActiveCfg = Debug_Unicode|Win32
		{040B829F-8ED6-4D35-9043-0DF31597F7FB}.Debug_Unicode|Win32.Build.0 = Debug_Unicode|Win32
		{040B829F-8ED6-4D35-9043-0DF31597F7FB}.Debug_Unicode|x64.ActiveCfg = Debug_Unicode|x64
		{040B829F-8ED6-4D35-9043-0DF31597F7FB}.Debug_Unicode|x64.Build.0 = Debug_Unicode|x64
		{040B829F-8ED6-4D35-9043-0DF31597F7FB}.Debug|Win32.ActiveCfg = Debug|Win32
		{040B829F-8ED6-4D35-9043-0DF31597F7FB}.Debug|Win32.Build.0 = Debug|Win32
		{040B829F-8ED6-4D35-9043-0DF31597F7FB}.Debug|x64.ActiveCfg = Debug|x64
		{040B829F-8ED6-4D35-9043-0DF31597F7FB}.Debug|x64.Build.0 = Debug|x64
		{040B829F-8ED6-4D35-9043-0DF31597F7FB}.Release_Unicode|Win32.ActiveCfg = Release_Unicode|Win32
		{040B829F-8ED6-4D35-9043-0DF31597F7FB}.Release_Unicode|Win32.Build.0 = Release_Unicode|Win32
		{040B829F-8ED6-4D35-9043-0DF31597F7FB}.Release_Unicode|x64.ActiveCfg = Release_Unicode|x64
		{040B829F-8ED6-4D35-9043-0DF31597F7FB}.Release_Unicode|x64.Build.0 = Release_Unicode|x64
		{040B829F-8ED6-4D35-9043-0DF31597F7FB}.Release|Win32.ActiveCfg = Release|Win32
		{040B829F-8ED6-4D35-9043-0DF31597F7FB}.Release|Win32.Build.0 = Release|Win32
		{040B829F-8ED6-4D35-9043-0DF31597F7FB}.Release|x64.ActiveCfg = Release|x64
		{040B829F-8ED6-4D35-9043-0DF31597F7FB}.Release|x64.Build.0 = Release|x64
		{C133DEF0-FAF5-4635-8D5A-2C789B424371}.Debug_Unicode|Win32.ActiveCfg = Debug_Unicode|Win32
		{C133DEF0-FAF5-4635-8D5A-2C789B424371}.Debug_Unicode|Win32.Build.0 = Debug_Unicode|Win32
		{C133DEF0-FAF5-4635-8D5A-2C789B424371}.Debug_Unicode|x64.ActiveCfg = Debug_Unicode|x64
		{C133DEF0-FAF5-4635-8D5A-2C789B424371}.Debug_Unicode|x64.Build.0 = Debug_Unicode|x64
		{C133DEF0-FAF5-4635-8D5A-2C789B424371}.Debug|Win32.ActiveCfg = Debug|Win32
		{C133DEF0-FAF5-4635-8D5A-2C789B424371}.Debug|Win32.Build.0 = Debug|Win32
		{C133DEF0-FAF5-4635-8D5A-2C789B424371}.Debug|x64.ActiveCfg = Debug|x64
		{C133DEF0-FAF5-4635-8D5A-2C789B424371}.Debug|x64.Build.0 = Debug|x64
		{C133DEF0-FAF5-4635-8D5A-2C789B424371}.Release_Unicode|Win32.ActiveCfg = Release_Unicode|Win32
		{C133DEF0-FAF5-4635-8D5A-2C789B424371}.Release_Unicode|Win32.Build.0 = Release_Unicode|Win32
		{C133DEF0-FAF5-4635-8D5A-2C789B424371}.Release_Unicode|x64.ActiveCfg = Release_Unicode|x64
		{C133DEF0-FAF5-4635-8D5A-2C789B424371}.Release_Unicode|x64.Build.0 = Release_Unicode|x64
		{C133DEF0-FAF5-4635-8D5A-2C789B424371}.Release|Win32.ActiveCfg = Release|Win32
		{C133DEF0-FAF5-4635-8D5A-2C789B424371}.Release|Win32.Build.0 = Release|Win32
		{C133DEF0-FAF5-4635-8D5A-2C789B424371}.Release|x64.ActiveCfg = Release|x64
		{C133DEF0-FAF5-4635-8D5A-2C789B424371}.Release|x64.Build.0 = Release|x64
		{CBD762A9-79BC-4AE7-8890-76360F539D76}.Debug_Unicode|Win32.ActiveCfg = Debug_Unicode|Win32
		{CBD762A9-79BC-4AE7-8890-76360F539D76}.Debug_Unicode|Win32.Build.0 = Debug_Unicode|Win32
		{CBD762A9-79BC-4AE7-8890-76360F539D76}.Debug_Unicode|x64.ActiveCfg = Debug_Unicode|x64
		{CBD762A9-79BC-4AE7-8890-76360F539D76}.Debug_Unicode|x64.Build.0 = Debug_Unicode|x64
		{CBD762A9-79BC-4AE7-8890-76360F539D76}.Debug|Win32.ActiveCfg = Debug|Win32
		{CBD762A9-79BC-4AE7-8890-76360F539D76}.Debug|Win32.Build.0 = Debug|Win32
		{CBD762A9-79BC-4AE7-8890-76360F539D76}.Debug|x64.ActiveCfg = Debug|x64
		{CBD762A9-79BC-4AE7-8890-76360F539D76}.Debug|x64.Build.0 = Debug|x64
		{CBD762A9-79BC-4AE7-8890-76360F539D76}.Release_Unicode|Win32.ActiveCfg = Release_Unicode|Win32
		{CBD762A9-79BC-4AE7-8890-76360F539D76}.Release_Unicode|Win32.Build.0 = Release_Unicode|Win32
		{CBD762A9-79BC-4AE7-8890-76360F539D76}.Release_Unicode|x64.ActiveCfg = Release_Unicode|x64
		{CBD762A9-79BC-4AE7-8890-76360F539D76}.Release_Unicode|x64.Build.0 = Release_Unicode|x64
		{CBD762A9-79BC-4AE7-8890-76360F539D76}.Release|Win32.ActiveCfg = Release|Win32
		{CBD762A9-79BC-4AE7-8890-76360F539D76}.Release|Win32.Build.0 = Release|Win32
		{CBD762A9-79BC-4AE7-8890-76360F539D76}.Release|x64.ActiveCfg = Release|x64
		{CBD762A9-79BC-4AE7-8890-76360F539D76}.Release|x64.Build.0 = Release|x64
		{D405C4A0-D62F-4EE7-96D2-76AD808C7319}.Debug_Unicode|Win32.ActiveCfg = Debug_Unicode|Win32
		{D405C4A0-D62F-4EE7-96D2-76AD808C7319}.Debug_Unicode|Win32.Build.0 = Debug_Unicode|Win32
		{D405C4A0-D62F-4EE7-96D2-76AD808C7319}.Debug_Unicode|x64.ActiveCfg = Debug_Unicode|x64
		{D405C4A0-D62F-4EE7-96D2-76AD808C7319}.Debug_Unicode|x64.Build.0 = Debug_Unicode|x64
		{D405C4A0-D62F-4EE7-96D2-76AD808C7319}.Debug|Win32.ActiveCfg = Debug|Win32
		{D405C4A0-D62F-4EE7-96D2-76AD808C7319}.Debug|Win32.Build.0 = Debug|Win32
		{D405C4A0-D62F-4EE7-96D2-76AD808C7319}.Debug|x64.ActiveCfg = Debug|x64
		{D405C4A0-D62F-4EE7-96D2-76AD808C7319}.Debug|x64.Build.0 = Debug|x64
		{D405C4A0-D62F-4EE7-96D2-76AD808C7319}.Release_Unicode|Win32.ActiveCfg = Release_Unicode|Win32
		{D405C4A0-D62F-4EE7-96D2-76AD808C7319}.Release_Unicode|Win32.Build.0 = Release_Unicode|Win32
		{D405C4A0-D62F-4EE7-96D2-76AD808C7319}.Release_Unicode|x64.ActiveCfg = Release_Unicode|x64
		{D405C4A0-D62F-4EE7-96D2-76AD808C7319}.Release_Unicode|x64.Build.0 = Release_Unicode|x64
		{D405C4A0-D62F-4EE7-96D2-76AD808C7319}.Release|Win32.ActiveCfg = Release|Win32
		{D405C4A0-D62F-4EE7-96D2-76AD808C7319}.Release|Win32.Build.0 = Release|Win32
		{D405C4A0-D62F-4EE7-96D2-76AD808C7319}.Release|x64.ActiveCfg = Release|x64
		{D405C4A0-D62F-4EE7-96D2-76AD808C7319}.Release|x64.Build.0 = Release|x64
		{F83D31E0-B607-4D3E-AF53-BA2A19BE17ED}.Debug_Unicode|Win32.ActiveCfg = Debug_Unicode|Win32
		{F83D31E0-B607-4D3E-AF53-BA2A19BE17ED}.Debug_Unicode|Win32.Build.0 = Debug_Unicode|Win32
		{F83D31E0-B607-4D3E-AF53-BA2A19BE17ED}.Debug_Unicode|x64.ActiveCfg = Debug_Unicode|x64
		{F83D31E0-B607-4D3E-AF53-BA2A19BE17ED}.Debug_Unicode|x64.Build.0 = Debug_Unicode|x64
		{F83D31E0-B607-4D3E-AF53-BA2A19BE17ED}.Debug|Win32.ActiveCfg = Debug|Win32
		{F83D31E0-B607-4D3E-AF53-BA2A19BE17ED}.Debug|Win32.Build.0 = Debug|Win32
		{F83D31E0-B607-4D3E-AF53-BA2A19BE17ED}.Debug|x64.ActiveCfg = Debug|x64
		{F83D31E0-B607-4D3E-AF53-BA2A19BE17ED}.Debug|x64.Build.0 = Debug|x64
		{F83D31E0-B607-4D3E-AF53-BA2A19BE17ED}.Release_Unicode|Win32.ActiveCfg = Release_Unicode|Win32
		{F83D31E0-B607-4D3E-AF53-BA2A19BE17ED}.Release_Unicode|Win32.Build.0 = Release_Unicode|Win32
		{F83D31E0-B607-4D3E-AF53-BA2A19BE17ED}.Release_Unicode|x64.ActiveCfg = Release_Unicode|x64
		{F83D31E0-B607-4D3E-AF53-BA2A19BE17ED}.Release_Unicode|x64.Build.0 = Release_Unicode|x64
		{F83D31E0-B607-4D3E-AF53-BA2A19BE17ED}.Release|Win32.ActiveCfg = Release|Win32
		{F83D31E0-B607-4D3E-AF53-BA2A19BE17ED}.Release|Win32.Build.0 = Release|Win32
		{F83D31E0-B607-4D3E-AF53-BA2A19BE17ED}.Release|x64.ActiveCfg = Release|x64
		{F83D31E0-B607-4D3E-AF53-BA2A19BE17ED}.Release|x64.Build.0 = Release|x64
		{AE4CF05D-9770-4BF2-BB73-1DA37E2A1508}.Debug_Unicode|Win32.ActiveCfg = Debug_Unicode|Win32
		{AE4CF05D-9770-4BF2-BB73-1DA37E2A1508}.Debug_Unicode|Win32.Build.0 = Debug_Unicode|Win32
		{AE4CF05D-9770-4BF2-BB73-1DA37E2A1508}.Debug_Unicode|x64.ActiveCfg = Debug_Unicode|x64
		{AE4CF05D-9770-4BF2-BB73-1DA37E2A1508}.Debug_Unicode|x64.Build.0 = Debug_Unicode|x64
		{AE4CF05D-9770-4BF2-BB73-1DA37E2A1508}.Debug|Win32.ActiveCfg = Debug|Win32
		{AE4CF05D-9770-4BF2-BB73-1DA37E2A1508}.Debug|Win32.Build.0 = Debug|Win32
		{AE4CF05D-9770-4BF2-BB73-1DA37E2A1508}.Debug|x64.ActiveCfg = Debug|x64
		{AE4CF05D-9770-4BF2-BB73-1DA37E2A1508}.Debug|x64.Build.0 = Debug|x64
		{AE4CF05D-9770-4BF2-BB73-1DA37E2A1508}.Release_Unicode|Win32.ActiveCfg = Release_Unicode|Win32
		{AE4CF05D-9770-4BF2-BB73-1DA37E2A1508}.Release_Unicode|Win32.Build.0 = Release_Unicode|Win32
		{AE4CF05D-9770-4BF2-BB73-1DA37E2A1508}.Release_Unicode|x64.ActiveCfg = Release_Unicode|x64
		{AE4CF05D-9770-4BF2-BB73-1DA37E2A1508}.Release_Unicode|x64.Build.0 = Release_Unicode|x64
		{AE4CF05D-9770-4BF2-BB73-1DA37E2A1508}.Release|Win32.ActiveCfg = Release|Win32
		{AE4CF05D-9770-4BF2-BB73-1DA37E2A1508}.Release|Win32.Build.0 = Release|Win32
		{AE4CF05D-9770-4BF2-BB73-1DA37E2A1508}.Release|x64.ActiveCfg = Release|x64
		{AE4CF05D-9770-4BF2-BB73-1DA37E2A1508}.Release|x64.Build.0 = Release|x64
	EndGlobalSection
	GlobalSection(SolutionProperties) = preSolution
		HideSolutionNode = FALSE
	EndGlobalSection
	GlobalSection(NestedProjects) = preSolution
		{434FBB6C-6D3C-466A-86DB-DE999065B5E5} = {BAC1F7E5-C861-4FB2-A466-D0D675F4C33D}
		{66FE475D-D26C-4457-8B1C-B057D770C716} = {BAC1F7E5-C861-4FB2-A466-D0D675F4C33D}
		{07817E6D-9FAB-4261-9D62-C5AD13810258} = {BAC1F7E5-C861-4FB2-A466-D0D675F4C33D}
		{1F8CC79C-876D-4A13-BA92-98A3A51B2749} = {BAC1F7E5-C861-4FB2-A466-D0D675F4C33D}
		{FBCE50FB-C87B-4A28-9551-7D1BFDAA65EC} = {BAC1F7E5-C861-4FB2-A466-D0D675F4C33D}
		{94EF9EE0-6E68-4F5F-9174-D09896518894} = {BAC1F7E5-C861-4FB2-A466-D0D675F4C33D}
		{0A878274-362D-4184-B5C6-A1C80D22A170} = {BAC1F7E5-C861-4FB2-A466-D0D675F4C33D}
		{040B829F-8ED6-4D35-9043-0DF31597F7FB} = {BAC1F7E5-C861-4FB2-A466-D0D675F4C33D}
		{C133DEF0-FAF5-4635-8D5A-2C789B424371} = {BAC1F7E5-C861-4FB2-A466-D0D675F4C33D}
		{CBD762A9-79BC-4AE7-8890-76360F539D76} = {BAC1F7E5-C861-4FB2-A466-D0D675F4C33D}
		{D405C4A0-D62F-4EE7-96D2-76AD808C7319} = {BAC1F7E5-C861-4FB2-A466-D0D675F4C33D}
		{F83D31E0-B607-4D3E-AF53-BA2A19BE17ED} = {BAC1F7E5-C861-4FB2-A466-D0D675F4C33D}
		{63AF3784-3FFB-46AC-B341-76B55AEE3148} = {BAC1F7E5-C861-4FB2-A466-D0D675F4C33D}
		{AE4CF05D-9770-4BF2-BB73-1DA37E2A1508} = {BAC1F7E5-C861-4FB2-A466-D0D675F4C33D}
	EndGlobalSection
EndGlobal
